{
  "checksum": "d3cd2cd2e96c94f7ed18d80514f2ce704b215fd6636fe0b0775663a4da701d39",
  "crates": {
    "direct-cargo-bazel-deps 0.0.1": {
      "name": "direct-cargo-bazel-deps",
      "version": "0.0.1",
      "repository": null,
      "targets": [
        {
          "Library": {
            "crate_name": "direct_cargo_bazel_deps",
            "crate_root": ".direct_cargo_bazel_deps.rs",
            "srcs": {
              "include": [
                "**/*.rs"
              ],
              "exclude": []
            }
          }
        }
      ],
      "library_target_name": "direct_cargo_bazel_deps",
      "common_attrs": {
        "compile_data_glob": [
          "**"
        ],
        "deps": {
          "common": [
            {
              "id": "tokio 1.19.2",
              "target": "tokio"
            }
          ],
          "selects": {}
        },
        "edition": "2018",
        "version": "0.0.1"
      },
      "license": null
    },
    "pin-project-lite 0.2.9": {
      "name": "pin-project-lite",
      "version": "0.2.9",
      "repository": {
        "Http": {
          "url": "https://crates.io/api/v1/crates/pin-project-lite/0.2.9/download",
          "sha256": "e0a7ae3ac2f1173085d398531c705756c94a4c56843785df85a60c1a0afac116"
        }
      },
      "targets": [
        {
          "Library": {
            "crate_name": "pin_project_lite",
            "crate_root": "src/lib.rs",
            "srcs": {
              "include": [
                "**/*.rs"
              ],
              "exclude": []
            }
          }
        }
      ],
      "library_target_name": "pin_project_lite",
      "common_attrs": {
        "compile_data_glob": [
          "**"
        ],
        "edition": "2018",
        "version": "0.2.9"
      },
      "license": "Apache-2.0 OR MIT"
    },
    "tokio 1.19.2": {
      "name": "tokio",
      "version": "1.19.2",
      "repository": {
        "Http": {
          "url": "https://crates.io/api/v1/crates/tokio/1.19.2/download",
          "sha256": "c51a52ed6686dd62c320f9b89299e9dfb46f730c7a48e635c19f21d116cb1439"
        }
      },
      "targets": [
        {
          "Library": {
            "crate_name": "tokio",
            "crate_root": "src/lib.rs",
            "srcs": {
              "include": [
                "**/*.rs"
              ],
              "exclude": []
            }
          }
        }
      ],
      "library_target_name": "tokio",
      "common_attrs": {
        "compile_data_glob": [
          "**"
        ],
        "crate_features": [
          "default"
        ],
        "deps": {
          "common": [
            {
              "id": "pin-project-lite 0.2.9",
              "target": "pin_project_lite"
            }
          ],
          "selects": {}
        },
        "edition": "2018",
        "version": "1.19.2"
      },
      "license": "MIT"
    }
  },
  "binary_crates": [],
  "workspace_members": {
    "direct-cargo-bazel-deps 0.0.1": ""
  },
  "conditions": {}
}
